// !$*UTF8*$!
{
	archiveVersion = 1;
	classes = {
	};
	objectVersion = 50;
	objects = {

/* Begin PBXBuildFile section */
		FD04CC6E22F572FF00CB6567 /* Subreddit.swift in Sources */ = {isa = PBXBuildFile; fileRef = FD04CC6D22F572FF00CB6567 /* Subreddit.swift */; };
		FD04CC7022F5731D00CB6567 /* Listing.swift in Sources */ = {isa = PBXBuildFile; fileRef = FD04CC6F22F5731D00CB6567 /* Listing.swift */; };
		FD04CC7222F5733C00CB6567 /* ImageLoader.swift in Sources */ = {isa = PBXBuildFile; fileRef = FD04CC7122F5733C00CB6567 /* ImageLoader.swift */; };
		FD04CC7422F5785800CB6567 /* ListingLoader.swift in Sources */ = {isa = PBXBuildFile; fileRef = FD04CC7322F5785800CB6567 /* ListingLoader.swift */; };
		FD04CC7622F5789800CB6567 /* SubredditLoader.swift in Sources */ = {isa = PBXBuildFile; fileRef = FD04CC7522F5789800CB6567 /* SubredditLoader.swift */; };
		FD04CC7922F5791200CB6567 /* ListingListView.swift in Sources */ = {isa = PBXBuildFile; fileRef = FD04CC7822F5791200CB6567 /* ListingListView.swift */; };
		FD04CC7C22F5793300CB6567 /* SubredditListView.swift in Sources */ = {isa = PBXBuildFile; fileRef = FD04CC7B22F5793300CB6567 /* SubredditListView.swift */; };
		FD04CC7E22F5797400CB6567 /* ImageLoaderView.swift in Sources */ = {isa = PBXBuildFile; fileRef = FD04CC7D22F5797400CB6567 /* ImageLoaderView.swift */; };
		FD09CAA622F16B3B00388B9A /* AppDelegate.swift in Sources */ = {isa = PBXBuildFile; fileRef = FD09CAA522F16B3B00388B9A /* AppDelegate.swift */; };
		FD09CAA822F16B3B00388B9A /* SceneDelegate.swift in Sources */ = {isa = PBXBuildFile; fileRef = FD09CAA722F16B3B00388B9A /* SceneDelegate.swift */; };
		FD09CAAA22F16B3B00388B9A /* ContentView.swift in Sources */ = {isa = PBXBuildFile; fileRef = FD09CAA922F16B3B00388B9A /* ContentView.swift */; };
		FD09CAAC22F16B3D00388B9A /* Assets.xcassets in Resources */ = {isa = PBXBuildFile; fileRef = FD09CAAB22F16B3D00388B9A /* Assets.xcassets */; };
		FD09CAAF22F16B3D00388B9A /* Preview Assets.xcassets in Resources */ = {isa = PBXBuildFile; fileRef = FD09CAAE22F16B3D00388B9A /* Preview Assets.xcassets */; };
		FD09CAB222F16B3D00388B9A /* LaunchScreen.storyboard in Resources */ = {isa = PBXBuildFile; fileRef = FD09CAB022F16B3D00388B9A /* LaunchScreen.storyboard */; };
		FD177F42233DED33006B2C6B /* UserDefaultsConstants.swift in Sources */ = {isa = PBXBuildFile; fileRef = FD177F41233DED33006B2C6B /* UserDefaultsConstants.swift */; };
		FD177F44233DEDC0006B2C6B /* User.swift in Sources */ = {isa = PBXBuildFile; fileRef = FD177F43233DEDC0006B2C6B /* User.swift */; };
		FD24216D22F6A7BD0013367E /* SessionSettings.swift in Sources */ = {isa = PBXBuildFile; fileRef = FD24216C22F6A7BD0013367E /* SessionSettings.swift */; };
		FD283EB722F92D27000A7C47 /* ListingDetailView.swift in Sources */ = {isa = PBXBuildFile; fileRef = FD283EB622F92D27000A7C47 /* ListingDetailView.swift */; };
		FD31A22122F9579F00F6E484 /* ListingListItemView.swift in Sources */ = {isa = PBXBuildFile; fileRef = FD31A22022F9579F00F6E484 /* ListingListItemView.swift */; };
		FD31A22322F957C100F6E484 /* SubredditListItemView.swift in Sources */ = {isa = PBXBuildFile; fileRef = FD31A22222F957C100F6E484 /* SubredditListItemView.swift */; };
		FD6E09E322F78F1A0071029C /* ActivityIndicatorView.swift in Sources */ = {isa = PBXBuildFile; fileRef = FD6E09E222F78F1A0071029C /* ActivityIndicatorView.swift */; };
		FD6E09E522F78F890071029C /* ActivityIndicatorContainerView.swift in Sources */ = {isa = PBXBuildFile; fileRef = FD6E09E422F78F890071029C /* ActivityIndicatorContainerView.swift */; };
		FDA782F32337EF5F0038CD8C /* BackgroundView.swift in Sources */ = {isa = PBXBuildFile; fileRef = FDA782F22337EF5F0038CD8C /* BackgroundView.swift */; };
		FDA782F523381B900038CD8C /* ProfileLoader.swift in Sources */ = {isa = PBXBuildFile; fileRef = FDA782F423381B900038CD8C /* ProfileLoader.swift */; };
		FDA782F7233866F90038CD8C /* WebView.swift in Sources */ = {isa = PBXBuildFile; fileRef = FDA782F6233866F90038CD8C /* WebView.swift */; };
		FDA782FB233867310038CD8C /* SignInView.swift in Sources */ = {isa = PBXBuildFile; fileRef = FDA782FA233867310038CD8C /* SignInView.swift */; };
		FDAC9C8F2300C7EB00D491D3 /* Comments.swift in Sources */ = {isa = PBXBuildFile; fileRef = FDAC9C8E2300C7EB00D491D3 /* Comments.swift */; };
		FDAC9C912300D19A00D491D3 /* ListingDetailViewModel.swift in Sources */ = {isa = PBXBuildFile; fileRef = FDAC9C902300D19A00D491D3 /* ListingDetailViewModel.swift */; };
		FDBBBB4C234159C40071FE31 /* ProfileModalView.swift in Sources */ = {isa = PBXBuildFile; fileRef = FDBBBB4B234159C40071FE31 /* ProfileModalView.swift */; };
		FDBBBB4E23415B650071FE31 /* SecretConstants.swift in Sources */ = {isa = PBXBuildFile; fileRef = FDBBBB4D23415B650071FE31 /* SecretConstants.swift */; };
		FDBBBB522341640E0071FE31 /* MySubredditsView.swift in Sources */ = {isa = PBXBuildFile; fileRef = FDBBBB512341640E0071FE31 /* MySubredditsView.swift */; };
		FDD27E2622F2C6ED00C5BD1E /* HomeView.swift in Sources */ = {isa = PBXBuildFile; fileRef = FDD27E2522F2C6ED00C5BD1E /* HomeView.swift */; };
		FDD27E2922F2CC0D00C5BD1E /* ProfileView.swift in Sources */ = {isa = PBXBuildFile; fileRef = FDD27E2822F2CC0D00C5BD1E /* ProfileView.swift */; };
		FDFC0351234074870052E3DA /* WKWebViewController.swift in Sources */ = {isa = PBXBuildFile; fileRef = FDFC0350234074870052E3DA /* WKWebViewController.swift */; };
		FDFC0355234084A60052E3DA /* Localizable.strings in Resources */ = {isa = PBXBuildFile; fileRef = FDFC0357234084A60052E3DA /* Localizable.strings */; };
		FDFC035A234089A10052E3DA /* StringExtensions.swift in Sources */ = {isa = PBXBuildFile; fileRef = FDFC0359234089A10052E3DA /* StringExtensions.swift */; };
/* End PBXBuildFile section */

/* Begin PBXFileReference section */
		FD04CC6D22F572FF00CB6567 /* Subreddit.swift */ = {isa = PBXFileReference; lastKnownFileType = sourcecode.swift; path = Subreddit.swift; sourceTree = "<group>"; };
		FD04CC6F22F5731D00CB6567 /* Listing.swift */ = {isa = PBXFileReference; lastKnownFileType = sourcecode.swift; path = Listing.swift; sourceTree = "<group>"; };
		FD04CC7122F5733C00CB6567 /* ImageLoader.swift */ = {isa = PBXFileReference; lastKnownFileType = sourcecode.swift; path = ImageLoader.swift; sourceTree = "<group>"; };
		FD04CC7322F5785800CB6567 /* ListingLoader.swift */ = {isa = PBXFileReference; lastKnownFileType = sourcecode.swift; path = ListingLoader.swift; sourceTree = "<group>"; };
		FD04CC7522F5789800CB6567 /* SubredditLoader.swift */ = {isa = PBXFileReference; lastKnownFileType = sourcecode.swift; path = SubredditLoader.swift; sourceTree = "<group>"; };
		FD04CC7822F5791200CB6567 /* ListingListView.swift */ = {isa = PBXFileReference; lastKnownFileType = sourcecode.swift; path = ListingListView.swift; sourceTree = "<group>"; };
		FD04CC7B22F5793300CB6567 /* SubredditListView.swift */ = {isa = PBXFileReference; lastKnownFileType = sourcecode.swift; path = SubredditListView.swift; sourceTree = "<group>"; };
		FD04CC7D22F5797400CB6567 /* ImageLoaderView.swift */ = {isa = PBXFileReference; lastKnownFileType = sourcecode.swift; path = ImageLoaderView.swift; sourceTree = "<group>"; };
		FD09CAA222F16B3B00388B9A /* GoodBot.app */ = {isa = PBXFileReference; explicitFileType = wrapper.application; includeInIndex = 0; path = GoodBot.app; sourceTree = BUILT_PRODUCTS_DIR; };
		FD09CAA522F16B3B00388B9A /* AppDelegate.swift */ = {isa = PBXFileReference; lastKnownFileType = sourcecode.swift; path = AppDelegate.swift; sourceTree = "<group>"; };
		FD09CAA722F16B3B00388B9A /* SceneDelegate.swift */ = {isa = PBXFileReference; lastKnownFileType = sourcecode.swift; path = SceneDelegate.swift; sourceTree = "<group>"; };
		FD09CAA922F16B3B00388B9A /* ContentView.swift */ = {isa = PBXFileReference; lastKnownFileType = sourcecode.swift; path = ContentView.swift; sourceTree = "<group>"; };
		FD09CAAB22F16B3D00388B9A /* Assets.xcassets */ = {isa = PBXFileReference; lastKnownFileType = folder.assetcatalog; path = Assets.xcassets; sourceTree = "<group>"; };
		FD09CAAE22F16B3D00388B9A /* Preview Assets.xcassets */ = {isa = PBXFileReference; lastKnownFileType = folder.assetcatalog; path = "Preview Assets.xcassets"; sourceTree = "<group>"; };
		FD09CAB122F16B3D00388B9A /* Base */ = {isa = PBXFileReference; lastKnownFileType = file.storyboard; name = Base; path = Base.lproj/LaunchScreen.storyboard; sourceTree = "<group>"; };
		FD09CAB322F16B3D00388B9A /* Info.plist */ = {isa = PBXFileReference; lastKnownFileType = text.plist.xml; path = Info.plist; sourceTree = "<group>"; };
		FD177F41233DED33006B2C6B /* UserDefaultsConstants.swift */ = {isa = PBXFileReference; lastKnownFileType = sourcecode.swift; path = UserDefaultsConstants.swift; sourceTree = "<group>"; };
		FD177F43233DEDC0006B2C6B /* User.swift */ = {isa = PBXFileReference; lastKnownFileType = sourcecode.swift; path = User.swift; sourceTree = "<group>"; };
		FD24216C22F6A7BD0013367E /* SessionSettings.swift */ = {isa = PBXFileReference; lastKnownFileType = sourcecode.swift; path = SessionSettings.swift; sourceTree = "<group>"; };
		FD283EB622F92D27000A7C47 /* ListingDetailView.swift */ = {isa = PBXFileReference; lastKnownFileType = sourcecode.swift; name = ListingDetailView.swift; path = "GoodBot/Supporting Views/ListingDetailView.swift"; sourceTree = SOURCE_ROOT; };
		FD31A22022F9579F00F6E484 /* ListingListItemView.swift */ = {isa = PBXFileReference; lastKnownFileType = sourcecode.swift; path = ListingListItemView.swift; sourceTree = "<group>"; };
		FD31A22222F957C100F6E484 /* SubredditListItemView.swift */ = {isa = PBXFileReference; lastKnownFileType = sourcecode.swift; path = SubredditListItemView.swift; sourceTree = "<group>"; };
		FD6E09E222F78F1A0071029C /* ActivityIndicatorView.swift */ = {isa = PBXFileReference; lastKnownFileType = sourcecode.swift; path = ActivityIndicatorView.swift; sourceTree = "<group>"; };
		FD6E09E422F78F890071029C /* ActivityIndicatorContainerView.swift */ = {isa = PBXFileReference; lastKnownFileType = sourcecode.swift; path = ActivityIndicatorContainerView.swift; sourceTree = "<group>"; };
		FDA782F22337EF5F0038CD8C /* BackgroundView.swift */ = {isa = PBXFileReference; lastKnownFileType = sourcecode.swift; path = BackgroundView.swift; sourceTree = "<group>"; };
		FDA782F423381B900038CD8C /* ProfileLoader.swift */ = {isa = PBXFileReference; lastKnownFileType = sourcecode.swift; path = ProfileLoader.swift; sourceTree = "<group>"; };
		FDA782F6233866F90038CD8C /* WebView.swift */ = {isa = PBXFileReference; lastKnownFileType = sourcecode.swift; path = WebView.swift; sourceTree = "<group>"; };
		FDA782FA233867310038CD8C /* SignInView.swift */ = {isa = PBXFileReference; lastKnownFileType = sourcecode.swift; path = SignInView.swift; sourceTree = "<group>"; };
		FDAC9C8E2300C7EB00D491D3 /* Comments.swift */ = {isa = PBXFileReference; lastKnownFileType = sourcecode.swift; path = Comments.swift; sourceTree = "<group>"; };
		FDAC9C902300D19A00D491D3 /* ListingDetailViewModel.swift */ = {isa = PBXFileReference; lastKnownFileType = sourcecode.swift; path = ListingDetailViewModel.swift; sourceTree = "<group>"; };
		FDBBBB4B234159C40071FE31 /* ProfileModalView.swift */ = {isa = PBXFileReference; lastKnownFileType = sourcecode.swift; path = ProfileModalView.swift; sourceTree = "<group>"; };
		FDBBBB4D23415B650071FE31 /* SecretConstants.swift */ = {isa = PBXFileReference; lastKnownFileType = sourcecode.swift; path = SecretConstants.swift; sourceTree = "<group>"; };
		FDBBBB512341640E0071FE31 /* MySubredditsView.swift */ = {isa = PBXFileReference; lastKnownFileType = sourcecode.swift; path = MySubredditsView.swift; sourceTree = "<group>"; };
		FDD27E2522F2C6ED00C5BD1E /* HomeView.swift */ = {isa = PBXFileReference; lastKnownFileType = sourcecode.swift; name = HomeView.swift; path = GoodBot/Features/HomeView.swift; sourceTree = SOURCE_ROOT; };
		FDD27E2822F2CC0D00C5BD1E /* ProfileView.swift */ = {isa = PBXFileReference; lastKnownFileType = sourcecode.swift; path = ProfileView.swift; sourceTree = "<group>"; };
		FDFC0350234074870052E3DA /* WKWebViewController.swift */ = {isa = PBXFileReference; lastKnownFileType = sourcecode.swift; path = WKWebViewController.swift; sourceTree = "<group>"; };
		FDFC0356234084A60052E3DA /* en */ = {isa = PBXFileReference; lastKnownFileType = text.plist.strings; name = en; path = en.lproj/Localizable.strings; sourceTree = "<group>"; };
		FDFC0359234089A10052E3DA /* StringExtensions.swift */ = {isa = PBXFileReference; lastKnownFileType = sourcecode.swift; path = StringExtensions.swift; sourceTree = "<group>"; };
/* End PBXFileReference section */

/* Begin PBXFrameworksBuildPhase section */
		FD09CA9F22F16B3B00388B9A /* Frameworks */ = {
			isa = PBXFrameworksBuildPhase;
			buildActionMask = 2147483647;
			files = (
			);
			runOnlyForDeploymentPostprocessing = 0;
		};
/* End PBXFrameworksBuildPhase section */

/* Begin PBXGroup section */
		FD04CC7722F578FF00CB6567 /* Listing */ = {
			isa = PBXGroup;
			children = (
			);
			path = Listing;
			sourceTree = "<group>";
		};
		FD04CC7A22F5791500CB6567 /* Subreddit */ = {
			isa = PBXGroup;
			children = (
				FD04CC7B22F5793300CB6567 /* SubredditListView.swift */,
				FD31A22222F957C100F6E484 /* SubredditListItemView.swift */,
			);
			path = Subreddit;
			sourceTree = "<group>";
		};
		FD09CA9922F16B3B00388B9A = {
			isa = PBXGroup;
			children = (
				FD09CAA422F16B3B00388B9A /* GoodBot */,
				FD09CAA322F16B3B00388B9A /* Products */,
			);
			sourceTree = "<group>";
		};
		FD09CAA322F16B3B00388B9A /* Products */ = {
			isa = PBXGroup;
			children = (
				FD09CAA222F16B3B00388B9A /* GoodBot.app */,
			);
			name = Products;
			sourceTree = "<group>";
		};
		FD09CAA422F16B3B00388B9A /* GoodBot */ = {
			isa = PBXGroup;
			children = (
				FD09CAAB22F16B3D00388B9A /* Assets.xcassets */,
				FD09CABA22F16B8300388B9A /* Features */,
				FD09CAB922F16B7800388B9A /* Supporting Views */,
				FDD27E2222F2C59400C5BD1E /* Models */,
				FDBBBB4A23414E1B0071FE31 /* Helpers */,
				FDFC034F2340743C0052E3DA /* View Controllers */,
				FDFC03582340893E0052E3DA /* Extensions */,
				FDFC0352234084670052E3DA /* Strings */,
				FD177F40233DED15006B2C6B /* Constants */,
				FD09CABD22F16BA300388B9A /* Delegates */,
				FD09CAB022F16B3D00388B9A /* LaunchScreen.storyboard */,
				FD09CAB322F16B3D00388B9A /* Info.plist */,
				FD09CAAD22F16B3D00388B9A /* Preview Content */,
			);
			path = GoodBot;
			sourceTree = "<group>";
		};
		FD09CAAD22F16B3D00388B9A /* Preview Content */ = {
			isa = PBXGroup;
			children = (
				FD09CAAE22F16B3D00388B9A /* Preview Assets.xcassets */,
			);
			path = "Preview Content";
			sourceTree = "<group>";
		};
		FD09CAB922F16B7800388B9A /* Supporting Views */ = {
			isa = PBXGroup;
			children = (
				FDA782F12337EF3A0038CD8C /* General */,
				FD04CC7A22F5791500CB6567 /* Subreddit */,
				FD04CC7722F578FF00CB6567 /* Listing */,
				FD04CC7D22F5797400CB6567 /* ImageLoaderView.swift */,
				FD6E09E222F78F1A0071029C /* ActivityIndicatorView.swift */,
				FDA782F6233866F90038CD8C /* WebView.swift */,
			);
			path = "Supporting Views";
			sourceTree = "<group>";
		};
		FD09CABA22F16B8300388B9A /* Features */ = {
			isa = PBXGroup;
			children = (
				FD09CAA922F16B3B00388B9A /* ContentView.swift */,
				FD09CABB22F16B8C00388B9A /* Home */,
				FDBBBB4F234163F00071FE31 /* Subreddits */,
				FD09CABC22F16B9100388B9A /* Listing */,
			);
			path = Features;
			sourceTree = "<group>";
		};
		FD09CABB22F16B8C00388B9A /* Home */ = {
			isa = PBXGroup;
			children = (
				FDD27E2722F2CBE400C5BD1E /* Modals */,
				FDD27E2522F2C6ED00C5BD1E /* HomeView.swift */,
			);
			path = Home;
			sourceTree = "<group>";
		};
		FD09CABC22F16B9100388B9A /* Listing */ = {
			isa = PBXGroup;
			children = (
				FD04CC7822F5791200CB6567 /* ListingListView.swift */,
				FD31A22022F9579F00F6E484 /* ListingListItemView.swift */,
				FD283EB622F92D27000A7C47 /* ListingDetailView.swift */,
			);
			path = Listing;
			sourceTree = "<group>";
		};
		FD09CABD22F16BA300388B9A /* Delegates */ = {
			isa = PBXGroup;
			children = (
				FD09CAA522F16B3B00388B9A /* AppDelegate.swift */,
				FD09CAA722F16B3B00388B9A /* SceneDelegate.swift */,
			);
			path = Delegates;
			sourceTree = "<group>";
		};
		FD177F40233DED15006B2C6B /* Constants */ = {
			isa = PBXGroup;
			children = (
				FD177F41233DED33006B2C6B /* UserDefaultsConstants.swift */,
				FDBBBB4D23415B650071FE31 /* SecretConstants.swift */,
			);
			path = Constants;
			sourceTree = "<group>";
		};
		FDA782F12337EF3A0038CD8C /* General */ = {
			isa = PBXGroup;
			children = (
				FDA782F22337EF5F0038CD8C /* BackgroundView.swift */,
				FD6E09E422F78F890071029C /* ActivityIndicatorContainerView.swift */,
			);
			path = General;
			sourceTree = "<group>";
		};
		FDBBBB4A23414E1B0071FE31 /* Helpers */ = {
			isa = PBXGroup;
			children = (
			);
			path = Helpers;
			sourceTree = "<group>";
		};
		FDBBBB4F234163F00071FE31 /* Subreddits */ = {
			isa = PBXGroup;
			children = (
				FDBBBB50234163F90071FE31 /* Users Subreddits */,
			);
			path = Subreddits;
			sourceTree = "<group>";
		};
		FDBBBB50234163F90071FE31 /* Users Subreddits */ = {
			isa = PBXGroup;
			children = (
				FDBBBB512341640E0071FE31 /* MySubredditsView.swift */,
			);
			path = "Users Subreddits";
			sourceTree = "<group>";
		};
		FDD27E2222F2C59400C5BD1E /* Models */ = {
			isa = PBXGroup;
			children = (
				FDD27E2422F2C5AD00C5BD1E /* Observables */,
				FDD27E2322F2C5A700C5BD1E /* Data */,
			);
			path = Models;
			sourceTree = "<group>";
		};
		FDD27E2322F2C5A700C5BD1E /* Data */ = {
			isa = PBXGroup;
			children = (
				FD04CC6D22F572FF00CB6567 /* Subreddit.swift */,
				FD04CC6F22F5731D00CB6567 /* Listing.swift */,
				FDAC9C8E2300C7EB00D491D3 /* Comments.swift */,
				FD177F43233DEDC0006B2C6B /* User.swift */,
			);
			path = Data;
			sourceTree = "<group>";
		};
		FDD27E2422F2C5AD00C5BD1E /* Observables */ = {
			isa = PBXGroup;
			children = (
				FDA782F423381B900038CD8C /* ProfileLoader.swift */,
				FD04CC7122F5733C00CB6567 /* ImageLoader.swift */,
				FD04CC7322F5785800CB6567 /* ListingLoader.swift */,
				FD04CC7522F5789800CB6567 /* SubredditLoader.swift */,
				FD24216C22F6A7BD0013367E /* SessionSettings.swift */,
				FDAC9C902300D19A00D491D3 /* ListingDetailViewModel.swift */,
			);
			path = Observables;
			sourceTree = "<group>";
		};
		FDD27E2722F2CBE400C5BD1E /* Modals */ = {
			isa = PBXGroup;
			children = (
				FDBBBB4B234159C40071FE31 /* ProfileModalView.swift */,
				FDA782FA233867310038CD8C /* SignInView.swift */,
				FDD27E2822F2CC0D00C5BD1E /* ProfileView.swift */,
			);
			path = Modals;
			sourceTree = "<group>";
		};
		FDFC034F2340743C0052E3DA /* View Controllers */ = {
			isa = PBXGroup;
			children = (
				FDFC0350234074870052E3DA /* WKWebViewController.swift */,
			);
			path = "View Controllers";
			sourceTree = "<group>";
		};
		FDFC0352234084670052E3DA /* Strings */ = {
			isa = PBXGroup;
			children = (
				FDFC0357234084A60052E3DA /* Localizable.strings */,
			);
			path = Strings;
			sourceTree = "<group>";
		};
		FDFC03582340893E0052E3DA /* Extensions */ = {
			isa = PBXGroup;
			children = (
				FDFC0359234089A10052E3DA /* StringExtensions.swift */,
			);
			path = Extensions;
			sourceTree = "<group>";
		};
/* End PBXGroup section */

/* Begin PBXNativeTarget section */
		FD09CAA122F16B3B00388B9A /* GoodBot */ = {
			isa = PBXNativeTarget;
			buildConfigurationList = FD09CAB622F16B3D00388B9A /* Build configuration list for PBXNativeTarget "GoodBot" */;
			buildPhases = (
				FD09CA9E22F16B3B00388B9A /* Sources */,
				FD09CA9F22F16B3B00388B9A /* Frameworks */,
				FD09CAA022F16B3B00388B9A /* Resources */,
			);
			buildRules = (
			);
			dependencies = (
			);
			name = GoodBot;
			productName = GoodBot;
			productReference = FD09CAA222F16B3B00388B9A /* GoodBot.app */;
			productType = "com.apple.product-type.application";
		};
/* End PBXNativeTarget section */

/* Begin PBXProject section */
		FD09CA9A22F16B3B00388B9A /* Project object */ = {
			isa = PBXProject;
			attributes = {
				LastSwiftUpdateCheck = 1100;
				LastUpgradeCheck = 1100;
				ORGANIZATIONNAME = "Gary Pan";
				TargetAttributes = {
					FD09CAA122F16B3B00388B9A = {
						CreatedOnToolsVersion = 11.0;
					};
				};
			};
			buildConfigurationList = FD09CA9D22F16B3B00388B9A /* Build configuration list for PBXProject "GoodBot" */;
			compatibilityVersion = "Xcode 9.3";
			developmentRegion = en;
			hasScannedForEncodings = 0;
			knownRegions = (
				en,
				Base,
			);
			mainGroup = FD09CA9922F16B3B00388B9A;
			productRefGroup = FD09CAA322F16B3B00388B9A /* Products */;
			projectDirPath = "";
			projectRoot = "";
			targets = (
				FD09CAA122F16B3B00388B9A /* GoodBot */,
			);
		};
/* End PBXProject section */

/* Begin PBXResourcesBuildPhase section */
		FD09CAA022F16B3B00388B9A /* Resources */ = {
			isa = PBXResourcesBuildPhase;
			buildActionMask = 2147483647;
			files = (
				FD09CAB222F16B3D00388B9A /* LaunchScreen.storyboard in Resources */,
				FDFC0355234084A60052E3DA /* Localizable.strings in Resources */,
				FD09CAAF22F16B3D00388B9A /* Preview Assets.xcassets in Resources */,
				FD09CAAC22F16B3D00388B9A /* Assets.xcassets in Resources */,
			);
			runOnlyForDeploymentPostprocessing = 0;
		};
/* End PBXResourcesBuildPhase section */

/* Begin PBXSourcesBuildPhase section */
		FD09CA9E22F16B3B00388B9A /* Sources */ = {
			isa = PBXSourcesBuildPhase;
			buildActionMask = 2147483647;
			files = (
				FD04CC7E22F5797400CB6567 /* ImageLoaderView.swift in Sources */,
				FD09CAA622F16B3B00388B9A /* AppDelegate.swift in Sources */,
				FDA782F32337EF5F0038CD8C /* BackgroundView.swift in Sources */,
				FD04CC7022F5731D00CB6567 /* Listing.swift in Sources */,
				FDD27E2622F2C6ED00C5BD1E /* HomeView.swift in Sources */,
				FD177F44233DEDC0006B2C6B /* User.swift in Sources */,
				FD04CC7622F5789800CB6567 /* SubredditLoader.swift in Sources */,
				FDD27E2922F2CC0D00C5BD1E /* ProfileView.swift in Sources */,
				FD31A22122F9579F00F6E484 /* ListingListItemView.swift in Sources */,
				FD04CC7922F5791200CB6567 /* ListingListView.swift in Sources */,
				FDA782FB233867310038CD8C /* SignInView.swift in Sources */,
				FD177F42233DED33006B2C6B /* UserDefaultsConstants.swift in Sources */,
				FDBBBB522341640E0071FE31 /* MySubredditsView.swift in Sources */,
				FDA782F7233866F90038CD8C /* WebView.swift in Sources */,
				FDA782F523381B900038CD8C /* ProfileLoader.swift in Sources */,
				FDFC035A234089A10052E3DA /* StringExtensions.swift in Sources */,
				FD6E09E522F78F890071029C /* ActivityIndicatorContainerView.swift in Sources */,
				FD24216D22F6A7BD0013367E /* SessionSettings.swift in Sources */,
				FD04CC7422F5785800CB6567 /* ListingLoader.swift in Sources */,
				FDAC9C8F2300C7EB00D491D3 /* Comments.swift in Sources */,
				FD09CAA822F16B3B00388B9A /* SceneDelegate.swift in Sources */,
				FD04CC6E22F572FF00CB6567 /* Subreddit.swift in Sources */,
				FD04CC7222F5733C00CB6567 /* ImageLoader.swift in Sources */,
				FD31A22322F957C100F6E484 /* SubredditListItemView.swift in Sources */,
				FDBBBB4E23415B650071FE31 /* SecretConstants.swift in Sources */,
				FD09CAAA22F16B3B00388B9A /* ContentView.swift in Sources */,
				FDFC0351234074870052E3DA /* WKWebViewController.swift in Sources */,
				FD04CC7C22F5793300CB6567 /* SubredditListView.swift in Sources */,
				FD283EB722F92D27000A7C47 /* ListingDetailView.swift in Sources */,
				FDAC9C912300D19A00D491D3 /* ListingDetailViewModel.swift in Sources */,
				FDBBBB4C234159C40071FE31 /* ProfileModalView.swift in Sources */,
				FD6E09E322F78F1A0071029C /* ActivityIndicatorView.swift in Sources */,
			);
			runOnlyForDeploymentPostprocessing = 0;
		};
/* End PBXSourcesBuildPhase section */

/* Begin PBXVariantGroup section */
		FD09CAB022F16B3D00388B9A /* LaunchScreen.storyboard */ = {
			isa = PBXVariantGroup;
			children = (
				FD09CAB122F16B3D00388B9A /* Base */,
			);
			name = LaunchScreen.storyboard;
			sourceTree = "<group>";
		};
		FDFC0357234084A60052E3DA /* Localizable.strings */ = {
			isa = PBXVariantGroup;
			children = (
				FDFC0356234084A60052E3DA /* en */,
			);
			name = Localizable.strings;
			sourceTree = "<group>";
		};
/* End PBXVariantGroup section */

/* Begin XCBuildConfiguration section */
		FD09CAB422F16B3D00388B9A /* Debug */ = {
			isa = XCBuildConfiguration;
			buildSettings = {
				ALWAYS_SEARCH_USER_PATHS = NO;
				CLANG_ANALYZER_NONNULL = YES;
				CLANG_ANALYZER_NUMBER_OBJECT_CONVERSION = YES_AGGRESSIVE;
				CLANG_CXX_LANGUAGE_STANDARD = "gnu++14";
				CLANG_CXX_LIBRARY = "libc++";
				CLANG_ENABLE_MODULES = YES;
				CLANG_ENABLE_OBJC_ARC = YES;
				CLANG_ENABLE_OBJC_WEAK = YES;
				CLANG_WARN_BLOCK_CAPTURE_AUTORELEASING = YES;
				CLANG_WARN_BOOL_CONVERSION = YES;
				CLANG_WARN_COMMA = YES;
				CLANG_WARN_CONSTANT_CONVERSION = YES;
				CLANG_WARN_DEPRECATED_OBJC_IMPLEMENTATIONS = YES;
				CLANG_WARN_DIRECT_OBJC_ISA_USAGE = YES_ERROR;
				CLANG_WARN_DOCUMENTATION_COMMENTS = YES;
				CLANG_WARN_EMPTY_BODY = YES;
				CLANG_WARN_ENUM_CONVERSION = YES;
				CLANG_WARN_INFINITE_RECURSION = YES;
				CLANG_WARN_INT_CONVERSION = YES;
				CLANG_WARN_NON_LITERAL_NULL_CONVERSION = YES;
				CLANG_WARN_OBJC_IMPLICIT_RETAIN_SELF = YES;
				CLANG_WARN_OBJC_LITERAL_CONVERSION = YES;
				CLANG_WARN_OBJC_ROOT_CLASS = YES_ERROR;
				CLANG_WARN_RANGE_LOOP_ANALYSIS = YES;
				CLANG_WARN_STRICT_PROTOTYPES = YES;
				CLANG_WARN_SUSPICIOUS_MOVE = YES;
				CLANG_WARN_UNGUARDED_AVAILABILITY = YES_AGGRESSIVE;
				CLANG_WARN_UNREACHABLE_CODE = YES;
				CLANG_WARN__DUPLICATE_METHOD_MATCH = YES;
				COPY_PHASE_STRIP = NO;
				DEBUG_INFORMATION_FORMAT = dwarf;
				ENABLE_STRICT_OBJC_MSGSEND = YES;
				ENABLE_TESTABILITY = YES;
				GCC_C_LANGUAGE_STANDARD = gnu11;
				GCC_DYNAMIC_NO_PIC = NO;
				GCC_NO_COMMON_BLOCKS = YES;
				GCC_OPTIMIZATION_LEVEL = 0;
				GCC_PREPROCESSOR_DEFINITIONS = (
					"DEBUG=1",
					"$(inherited)",
				);
				GCC_WARN_64_TO_32_BIT_CONVERSION = YES;
				GCC_WARN_ABOUT_RETURN_TYPE = YES_ERROR;
				GCC_WARN_UNDECLARED_SELECTOR = YES;
				GCC_WARN_UNINITIALIZED_AUTOS = YES_AGGRESSIVE;
				GCC_WARN_UNUSED_FUNCTION = YES;
				GCC_WARN_UNUSED_VARIABLE = YES;
				IPHONEOS_DEPLOYMENT_TARGET = 13.0;
				MTL_ENABLE_DEBUG_INFO = INCLUDE_SOURCE;
				MTL_FAST_MATH = YES;
				ONLY_ACTIVE_ARCH = YES;
				SDKROOT = iphoneos;
				SWIFT_ACTIVE_COMPILATION_CONDITIONS = DEBUG;
				SWIFT_OPTIMIZATION_LEVEL = "-Onone";
			};
			name = Debug;
		};
		FD09CAB522F16B3D00388B9A /* Release */ = {
			isa = XCBuildConfiguration;
			buildSettings = {
				ALWAYS_SEARCH_USER_PATHS = NO;
				CLANG_ANALYZER_NONNULL = YES;
				CLANG_ANALYZER_NUMBER_OBJECT_CONVERSION = YES_AGGRESSIVE;
				CLANG_CXX_LANGUAGE_STANDARD = "gnu++14";
				CLANG_CXX_LIBRARY = "libc++";
				CLANG_ENABLE_MODULES = YES;
				CLANG_ENABLE_OBJC_ARC = YES;
				CLANG_ENABLE_OBJC_WEAK = YES;
				CLANG_WARN_BLOCK_CAPTURE_AUTORELEASING = YES;
				CLANG_WARN_BOOL_CONVERSION = YES;
				CLANG_WARN_COMMA = YES;
				CLANG_WARN_CONSTANT_CONVERSION = YES;
				CLANG_WARN_DEPRECATED_OBJC_IMPLEMENTATIONS = YES;
				CLANG_WARN_DIRECT_OBJC_ISA_USAGE = YES_ERROR;
				CLANG_WARN_DOCUMENTATION_COMMENTS = YES;
				CLANG_WARN_EMPTY_BODY = YES;
				CLANG_WARN_ENUM_CONVERSION = YES;
				CLANG_WARN_INFINITE_RECURSION = YES;
				CLANG_WARN_INT_CONVERSION = YES;
				CLANG_WARN_NON_LITERAL_NULL_CONVERSION = YES;
				CLANG_WARN_OBJC_IMPLICIT_RETAIN_SELF = YES;
				CLANG_WARN_OBJC_LITERAL_CONVERSION = YES;
				CLANG_WARN_OBJC_ROOT_CLASS = YES_ERROR;
				CLANG_WARN_RANGE_LOOP_ANALYSIS = YES;
				CLANG_WARN_STRICT_PROTOTYPES = YES;
				CLANG_WARN_SUSPICIOUS_MOVE = YES;
				CLANG_WARN_UNGUARDED_AVAILABILITY = YES_AGGRESSIVE;
				CLANG_WARN_UNREACHABLE_CODE = YES;
				CLANG_WARN__DUPLICATE_METHOD_MATCH = YES;
				COPY_PHASE_STRIP = NO;
				DEBUG_INFORMATION_FORMAT = "dwarf-with-dsym";
				ENABLE_NS_ASSERTIONS = NO;
				ENABLE_STRICT_OBJC_MSGSEND = YES;
				GCC_C_LANGUAGE_STANDARD = gnu11;
				GCC_NO_COMMON_BLOCKS = YES;
				GCC_WARN_64_TO_32_BIT_CONVERSION = YES;
				GCC_WARN_ABOUT_RETURN_TYPE = YES_ERROR;
				GCC_WARN_UNDECLARED_SELECTOR = YES;
				GCC_WARN_UNINITIALIZED_AUTOS = YES_AGGRESSIVE;
				GCC_WARN_UNUSED_FUNCTION = YES;
				GCC_WARN_UNUSED_VARIABLE = YES;
				IPHONEOS_DEPLOYMENT_TARGET = 13.0;
				MTL_ENABLE_DEBUG_INFO = NO;
				MTL_FAST_MATH = YES;
				SDKROOT = iphoneos;
				SWIFT_COMPILATION_MODE = wholemodule;
				SWIFT_OPTIMIZATION_LEVEL = "-O";
				VALIDATE_PRODUCT = YES;
			};
			name = Release;
		};
		FD09CAB722F16B3D00388B9A /* Debug */ = {
			isa = XCBuildConfiguration;
			buildSettings = {
				ASSETCATALOG_COMPILER_APPICON_NAME = AppIcon;
				CODE_SIGN_STYLE = Automatic;
				DEVELOPMENT_ASSET_PATHS = "GoodBot/Preview\\ Content";
				DEVELOPMENT_TEAM = 87G9A4WGYD;
				ENABLE_PREVIEWS = YES;
				INFOPLIST_FILE = GoodBot/Info.plist;
				LD_RUNPATH_SEARCH_PATHS = (
					"$(inherited)",
					"@executable_path/Frameworks",
				);
				PRODUCT_BUNDLE_IDENTIFIER = com.garypan.GoodBot;
				PRODUCT_NAME = "$(TARGET_NAME)";
				SWIFT_VERSION = 5.0;
				TARGETED_DEVICE_FAMILY = "1,2";
			};
			name = Debug;
		};
		FD09CAB822F16B3D00388B9A /* Release */ = {
			isa = XCBuildConfiguration;
			buildSettings = {
				ASSETCATALOG_COMPILER_APPICON_NAME = AppIcon;
				CODE_SIGN_STYLE = Automatic;
				DEVELOPMENT_ASSET_PATHS = "GoodBot/Preview\\ Content";
				DEVELOPMENT_TEAM = 87G9A4WGYD;
				ENABLE_PREVIEWS = YES;
				INFOPLIST_FILE = GoodBot/Info.plist;
				LD_RUNPATH_SEARCH_PATHS = (
					"$(inherited)",
					"@executable_path/Frameworks",
				);
				PRODUCT_BUNDLE_IDENTIFIER = com.garypan.GoodBot;
				PRODUCT_NAME = "$(TARGET_NAME)";
				SWIFT_VERSION = 5.0;
				TARGETED_DEVICE_FAMILY = "1,2";
			};
			name = Release;
		};
/* End XCBuildConfiguration section */

/* Begin XCConfigurationList section */
		FD09CA9D22F16B3B00388B9A /* Build configuration list for PBXProject "GoodBot" */ = {
			isa = XCConfigurationList;
			buildConfigurations = (
				FD09CAB422F16B3D00388B9A /* Debug */,
				FD09CAB522F16B3D00388B9A /* Release */,
			);
			defaultConfigurationIsVisible = 0;
			defaultConfigurationName = Release;
		};
		FD09CAB622F16B3D00388B9A /* Build configuration list for PBXNativeTarget "GoodBot" */ = {
			isa = XCConfigurationList;
			buildConfigurations = (
				FD09CAB722F16B3D00388B9A /* Debug */,
				FD09CAB822F16B3D00388B9A /* Release */,
			);
			defaultConfigurationIsVisible = 0;
			defaultConfigurationName = Release;
		};
/* End XCConfigurationList section */
	};
	rootObject = FD09CA9A22F16B3B00388B9A /* Project object */;
}
